<?xml version="1.0" encoding="utf-8"?>
<Project ToolsVersion="4.0" xmlns="http://schemas.microsoft.com/developer/msbuild/2003">
  <ItemGroup>
    <Filter Include="Source Files">
      <UniqueIdentifier>{4FC737F1-C7A5-4376-A066-2A32D752A2FF}</UniqueIdentifier>
      <Extensions>cpp;c;cc;cxx;c++;def;odl;idl;hpj;bat;asm;asmx</Extensions>
    </Filter>
    <Filter Include="Header Files">
      <UniqueIdentifier>{93995380-89BD-4b04-88EB-625FBE52EBFB}</UniqueIdentifier>
      <Extensions>h;hh;hpp;hxx;h++;hm;inl;inc;ipp;xsd</Extensions>
    </Filter>
    <Filter Include="Resource Files">
      <UniqueIdentifier>{67DA6AB6-F800-4c08-8B7A-83BB121AAD01}</UniqueIdentifier>
      <Extensions>rc;ico;cur;bmp;dlg;rc2;rct;bin;rgs;gif;jpg;jpeg;jpe;resx;tiff;tif;png;wav;mfcribbon-ms</Extensions>
    </Filter>
    <Filter Include="och_lib">
      <UniqueIdentifier>{58ec9fa0-8a61-47f9-9024-380f87933e1d}</UniqueIdentifier>
    </Filter>
    <Filter Include="samples">
      <UniqueIdentifier>{d360b6cf-fc09-4d25-b584-5a5ea995913f}</UniqueIdentifier>
    </Filter>
    <Filter Include="samples\vulkan_tutorial">
      <UniqueIdentifier>{e255b8f7-f674-4bfa-bfcf-503d891ff06e}</UniqueIdentifier>
    </Filter>
    <Filter Include="samples\compute_buffer_copy">
      <UniqueIdentifier>{1d493bcc-fe90-423c-884c-efb46cd1ec90}</UniqueIdentifier>
    </Filter>
    <Filter Include="samples\compute_to_swapchain">
      <UniqueIdentifier>{9efec8c9-34a1-414f-b638-a2ccdf0e6d2f}</UniqueIdentifier>
    </Filter>
    <Filter Include="samples\font">
      <UniqueIdentifier>{d4937fdd-d47d-440f-8e39-a753616f75d2}</UniqueIdentifier>
    </Filter>
    <Filter Include="extend_io">
      <UniqueIdentifier>{aabdcde1-39a4-4fbb-a1e1-6675404b5b86}</UniqueIdentifier>
    </Filter>
  </ItemGroup>
  <ItemGroup>
    <ClCompile Include="main.cpp">
      <Filter>Source Files</Filter>
    </ClCompile>
    <ClCompile Include="..\..\och_lib\och_lib\och_fmt.cpp">
      <Filter>och_lib</Filter>
    </ClCompile>
    <ClCompile Include="..\..\och_lib\och_lib\och_fio.cpp">
      <Filter>och_lib</Filter>
    </ClCompile>
    <ClCompile Include="..\..\och_lib\och_lib\och_time.cpp">
      <Filter>och_lib</Filter>
    </ClCompile>
    <ClCompile Include="..\..\och_lib\och_lib\och_utf8.cpp">
      <Filter>och_lib</Filter>
    </ClCompile>
    <ClCompile Include="och_error_handling.cpp">
      <Filter>Source Files</Filter>
    </ClCompile>
    <ClCompile Include="och_vulkan_base.cpp">
      <Filter>Source Files</Filter>
    </ClCompile>
    <ClCompile Include="vulkan_tutorial.cpp">
      <Filter>samples\vulkan_tutorial</Filter>
    </ClCompile>
    <ClCompile Include="compute_buffer_copy.cpp">
      <Filter>samples\compute_buffer_copy</Filter>
    </ClCompile>
    <ClCompile Include="compute_to_swapchain.cpp">
      <Filter>samples\compute_to_swapchain</Filter>
    </ClCompile>
    <ClCompile Include="sdf_font.cpp">
      <Filter>samples\font</Filter>
    </ClCompile>
    <ClCompile Include="truetype.cpp">
      <Filter>extend_io</Filter>
    </ClCompile>
  </ItemGroup>
  <ItemGroup>
    <ClInclude Include="..\..\och_lib\och_lib\och_virtual_keys.h">
      <Filter>och_lib</Filter>
    </ClInclude>
    <ClInclude Include="..\..\och_lib\och_lib\och_constexpr_util.h">
      <Filter>och_lib</Filter>
    </ClInclude>
    <ClInclude Include="..\..\och_lib\och_lib\och_debug.h">
      <Filter>och_lib</Filter>
    </ClInclude>
    <ClInclude Include="..\..\och_lib\och_lib\och_fio.h">
      <Filter>och_lib</Filter>
    </ClInclude>
    <ClInclude Include="..\..\och_lib\och_lib\och_fmt.h">
      <Filter>och_lib</Filter>
    </ClInclude>
    <ClInclude Include="..\..\och_lib\och_lib\och_range.h">
      <Filter>och_lib</Filter>
    </ClInclude>
    <ClInclude Include="..\..\och_lib\och_lib\och_time.h">
      <Filter>och_lib</Filter>
    </ClInclude>
    <ClInclude Include="..\..\och_lib\och_lib\och_timer.h">
      <Filter>och_lib</Filter>
    </ClInclude>
    <ClInclude Include="..\..\och_lib\och_lib\och_type_union.h">
      <Filter>och_lib</Filter>
    </ClInclude>
    <ClInclude Include="..\..\och_lib\och_lib\och_utf8.h">
      <Filter>och_lib</Filter>
    </ClInclude>
    <ClInclude Include="..\..\och_lib\och_lib\och_matmath.h">
      <Filter>och_lib</Filter>
    </ClInclude>
    <ClInclude Include="och_error_handling.h">
      <Filter>Header Files</Filter>
    </ClInclude>
    <ClInclude Include="och_heap_buffer.h">
      <Filter>Header Files</Filter>
    </ClInclude>
    <ClInclude Include="och_helpers.h">
      <Filter>Header Files</Filter>
    </ClInclude>
    <ClInclude Include="och_vulkan_base.h">
      <Filter>Header Files</Filter>
    </ClInclude>
    <ClInclude Include="vulkan_tutorial.h">
      <Filter>samples\vulkan_tutorial</Filter>
    </ClInclude>
    <ClInclude Include="compute_buffer_copy.h">
      <Filter>samples\compute_buffer_copy</Filter>
    </ClInclude>
    <ClInclude Include="compute_to_swapchain.h">
      <Filter>samples\compute_to_swapchain</Filter>
    </ClInclude>
    <ClInclude Include="sdf_font.h">
      <Filter>samples\font</Filter>
    </ClInclude>
    <ClInclude Include="tiny_obj_loader.h">
      <Filter>samples\vulkan_tutorial</Filter>
    </ClInclude>
    <ClInclude Include="texels.h">
      <Filter>extend_io</Filter>
    </ClInclude>
    <ClInclude Include="sdf_image.h">
      <Filter>extend_io</Filter>
    </ClInclude>
    <ClInclude Include="truetype.h">
      <Filter>extend_io</Filter>
    </ClInclude>
    <ClInclude Include="bitmap.h">
      <Filter>extend_io</Filter>
    </ClInclude>
    <ClInclude Include="binary_image.h">
      <Filter>extend_io</Filter>
    </ClInclude>
    <ClInclude Include="simple_vec.h">
      <Filter>Header Files</Filter>
    </ClInclude>
    <ClInclude Include="sdf_glyph_atlas.h">
      <Filter>extend_io</Filter>
    </ClInclude>
  </ItemGroup>
  <ItemGroup>
    <None Include="shaders\msvc_compile_shaders.bat">
      <Filter>Resource Files</Filter>
    </None>
    <None Include="shaders\tutorial.vert">
      <Filter>samples\vulkan_tutorial</Filter>
    </None>
    <None Include="shaders\tutorial.frag.spv">
      <Filter>samples\vulkan_tutorial</Filter>
    </None>
    <None Include="shaders\tutorial.vert.spv">
      <Filter>samples\vulkan_tutorial</Filter>
    </None>
    <None Include="shaders\tutorial.frag">
      <Filter>samples\vulkan_tutorial</Filter>
    </None>
    <None Include="shaders\swapchain.comp.spv">
      <Filter>samples\compute_to_swapchain</Filter>
    </None>
    <None Include="shaders\swapchain.comp">
      <Filter>samples\compute_to_swapchain</Filter>
    </None>
    <None Include="shaders\simplex3d.comp.spv">
      <Filter>samples\compute_to_swapchain</Filter>
    </None>
    <None Include="shaders\simplex3d.comp">
      <Filter>samples\compute_to_swapchain</Filter>
    </None>
    <None Include="shaders\buffer_copy.comp.spv">
      <Filter>samples\compute_buffer_copy</Filter>
    </None>
    <None Include="shaders\buffer_copy.comp">
      <Filter>samples\compute_buffer_copy</Filter>
    </None>
    <None Include="shaders\sdf_font.vert">
      <Filter>samples\font</Filter>
    </None>
    <None Include="shaders\sdf_font.vert.spv">
      <Filter>samples\font</Filter>
    </None>
    <None Include="shaders\sdf_font.frag">
      <Filter>samples\font</Filter>
    </None>
    <None Include="shaders\sdf_font.frag.spv">
      <Filter>samples\font</Filter>
    </None>
  </ItemGroup>
</Project>