<?xml version="1.0" encoding="utf-8"?>
<Project ToolsVersion="4.0" xmlns="http://schemas.microsoft.com/developer/msbuild/2003">
  <ItemGroup>
    <Filter Include="Source Files">
      <UniqueIdentifier>{4FC737F1-C7A5-4376-A066-2A32D752A2FF}</UniqueIdentifier>
      <Extensions>cpp;c;cc;cxx;c++;def;odl;idl;hpj;bat;asm;asmx</Extensions>
    </Filter>
    <Filter Include="Resource Files">
      <UniqueIdentifier>{67DA6AB6-F800-4c08-8B7A-83BB121AAD01}</UniqueIdentifier>
      <Extensions>rc;ico;cur;bmp;dlg;rc2;rct;bin;rgs;gif;jpg;jpeg;jpe;resx;tiff;tif;png;wav;mfcribbon-ms</Extensions>
    </Filter>
    <Filter Include="och_lib">
      <UniqueIdentifier>{58ec9fa0-8a61-47f9-9024-380f87933e1d}</UniqueIdentifier>
    </Filter>
    <Filter Include="samples">
      <UniqueIdentifier>{d360b6cf-fc09-4d25-b584-5a5ea995913f}</UniqueIdentifier>
    </Filter>
    <Filter Include="samples\vulkan_tutorial">
      <UniqueIdentifier>{e255b8f7-f674-4bfa-bfcf-503d891ff06e}</UniqueIdentifier>
    </Filter>
    <Filter Include="samples\compute_buffer_copy">
      <UniqueIdentifier>{1d493bcc-fe90-423c-884c-efb46cd1ec90}</UniqueIdentifier>
    </Filter>
    <Filter Include="samples\compute_to_swapchain">
      <UniqueIdentifier>{9efec8c9-34a1-414f-b638-a2ccdf0e6d2f}</UniqueIdentifier>
    </Filter>
    <Filter Include="vulkan_base">
      <UniqueIdentifier>{161bebb9-ac4f-45d1-9dda-f779aaf10eb3}</UniqueIdentifier>
    </Filter>
    <Filter Include="samples\sdf_font">
      <UniqueIdentifier>{d4937fdd-d47d-440f-8e39-a753616f75d2}</UniqueIdentifier>
    </Filter>
    <Filter Include="helpers">
      <UniqueIdentifier>{aabdcde1-39a4-4fbb-a1e1-6675404b5b86}</UniqueIdentifier>
    </Filter>
    <Filter Include="samples\voxel_volume">
      <UniqueIdentifier>{66d9618e-945f-4c9f-a384-0ca71ef023f2}</UniqueIdentifier>
    </Filter>
    <Filter Include="samples\help">
      <UniqueIdentifier>{876827ff-b0a0-4dfa-9632-be12fa750af7}</UniqueIdentifier>
    </Filter>
    <Filter Include="samples\gpu_info">
      <UniqueIdentifier>{4fad1ff0-14a4-4587-b88a-3709307c1b5e}</UniqueIdentifier>
    </Filter>
  </ItemGroup>
  <ItemGroup>
    <ClCompile Include="main.cpp">
      <Filter>Source Files</Filter>
    </ClCompile>
    <ClCompile Include="..\..\och_lib\och_lib\och_fmt.cpp">
      <Filter>och_lib</Filter>
    </ClCompile>
    <ClCompile Include="..\..\och_lib\och_lib\och_fio.cpp">
      <Filter>och_lib</Filter>
    </ClCompile>
    <ClCompile Include="..\..\och_lib\och_lib\och_time.cpp">
      <Filter>och_lib</Filter>
    </ClCompile>
    <ClCompile Include="..\..\och_lib\och_lib\och_utf8.cpp">
      <Filter>och_lib</Filter>
    </ClCompile>
    <ClCompile Include="compute_buffer_copy.cpp">
      <Filter>samples\compute_buffer_copy</Filter>
    </ClCompile>
    <ClCompile Include="compute_to_swapchain.cpp">
      <Filter>samples\compute_to_swapchain</Filter>
    </ClCompile>
    <ClCompile Include="sdf_font.cpp">
      <Filter>samples\sdf_font</Filter>
    </ClCompile>
    <ClCompile Include="truetype.cpp">
      <Filter>helpers</Filter>
    </ClCompile>
    <ClCompile Include="vulkan_base.cpp">
      <Filter>vulkan_base</Filter>
    </ClCompile>
    <ClCompile Include="..\..\och_lib\och_lib\och_err.cpp">
      <Filter>och_lib</Filter>
    </ClCompile>
    <ClCompile Include="sdf_glyph_atlas.cpp">
      <Filter>helpers</Filter>
    </ClCompile>
    <ClCompile Include="help.cpp">
      <Filter>samples\help</Filter>
    </ClCompile>
    <ClCompile Include="gpu_info.cpp">
      <Filter>samples\gpu_info</Filter>
    </ClCompile>
    <ClCompile Include="voxel_volume.cpp">
      <Filter>samples\voxel_volume</Filter>
    </ClCompile>
    <ClCompile Include="vulkan_tutorial.cpp">
      <Filter>samples\vulkan_tutorial</Filter>
    </ClCompile>
  </ItemGroup>
  <ItemGroup>
    <ClInclude Include="..\..\och_lib\och_lib\och_virtual_keys.h">
      <Filter>och_lib</Filter>
    </ClInclude>
    <ClInclude Include="..\..\och_lib\och_lib\och_constexpr_util.h">
      <Filter>och_lib</Filter>
    </ClInclude>
    <ClInclude Include="..\..\och_lib\och_lib\och_fio.h">
      <Filter>och_lib</Filter>
    </ClInclude>
    <ClInclude Include="..\..\och_lib\och_lib\och_fmt.h">
      <Filter>och_lib</Filter>
    </ClInclude>
    <ClInclude Include="..\..\och_lib\och_lib\och_range.h">
      <Filter>och_lib</Filter>
    </ClInclude>
    <ClInclude Include="..\..\och_lib\och_lib\och_time.h">
      <Filter>och_lib</Filter>
    </ClInclude>
    <ClInclude Include="..\..\och_lib\och_lib\och_timer.h">
      <Filter>och_lib</Filter>
    </ClInclude>
    <ClInclude Include="..\..\och_lib\och_lib\och_type_union.h">
      <Filter>och_lib</Filter>
    </ClInclude>
    <ClInclude Include="..\..\och_lib\och_lib\och_utf8.h">
      <Filter>och_lib</Filter>
    </ClInclude>
    <ClInclude Include="..\..\och_lib\och_lib\och_matmath.h">
      <Filter>och_lib</Filter>
    </ClInclude>
    <ClInclude Include="vulkan_tutorial.h">
      <Filter>samples\vulkan_tutorial</Filter>
    </ClInclude>
    <ClInclude Include="compute_buffer_copy.h">
      <Filter>samples\compute_buffer_copy</Filter>
    </ClInclude>
    <ClInclude Include="compute_to_swapchain.h">
      <Filter>samples\compute_to_swapchain</Filter>
    </ClInclude>
    <ClInclude Include="sdf_font.h">
      <Filter>samples\sdf_font</Filter>
    </ClInclude>
    <ClInclude Include="tiny_obj_loader.h">
      <Filter>samples\vulkan_tutorial</Filter>
    </ClInclude>
    <ClInclude Include="texels.h">
      <Filter>helpers</Filter>
    </ClInclude>
    <ClInclude Include="truetype.h">
      <Filter>helpers</Filter>
    </ClInclude>
    <ClInclude Include="sdf_glyph_atlas.h">
      <Filter>helpers</Filter>
    </ClInclude>
    <ClInclude Include="vulkan_base.h">
      <Filter>vulkan_base</Filter>
    </ClInclude>
    <ClInclude Include="..\..\och_lib\och_lib\och_err.h">
      <Filter>och_lib</Filter>
    </ClInclude>
    <ClInclude Include="simple_vec.h">
      <Filter>helpers</Filter>
    </ClInclude>
    <ClInclude Include="bitmap.h">
      <Filter>helpers</Filter>
    </ClInclude>
    <ClInclude Include="heap_buffer.h">
      <Filter>helpers</Filter>
    </ClInclude>
    <ClInclude Include="image_view.h">
      <Filter>helpers</Filter>
    </ClInclude>
    <ClInclude Include="voxel_volume.h">
      <Filter>samples\voxel_volume</Filter>
    </ClInclude>
    <ClInclude Include="help.h">
      <Filter>samples\help</Filter>
    </ClInclude>
    <ClInclude Include="directory_constants.h">
      <Filter>helpers</Filter>
    </ClInclude>
    <ClInclude Include="gpu_info.h">
      <Filter>samples\gpu_info</Filter>
    </ClInclude>
  </ItemGroup>
  <ItemGroup>
    <None Include="shaders\msvc_compile_shaders.bat">
      <Filter>Resource Files</Filter>
    </None>
    <None Include="shaders\tutorial.vert">
      <Filter>samples\vulkan_tutorial</Filter>
    </None>
    <None Include="shaders\tutorial.frag.spv">
      <Filter>samples\vulkan_tutorial</Filter>
    </None>
    <None Include="shaders\tutorial.vert.spv">
      <Filter>samples\vulkan_tutorial</Filter>
    </None>
    <None Include="shaders\tutorial.frag">
      <Filter>samples\vulkan_tutorial</Filter>
    </None>
    <None Include="shaders\swapchain.comp">
      <Filter>samples\compute_to_swapchain</Filter>
    </None>
    <None Include="shaders\simplex3d_slice.comp">
      <Filter>samples\compute_to_swapchain</Filter>
    </None>
    <None Include="shaders\buffer_copy.comp">
      <Filter>samples\compute_buffer_copy</Filter>
    </None>
    <None Include="shaders\sdf_font.vert">
      <Filter>samples\sdf_font</Filter>
    </None>
    <None Include="shaders\sdf_font.frag">
      <Filter>samples\sdf_font</Filter>
    </None>
    <None Include="shaders\voxel_volume_trace.comp">
      <Filter>samples\voxel_volume</Filter>
    </None>
    <None Include="shaders\simplex3d.comp">
      <Filter>samples\voxel_volume</Filter>
    </None>
    <None Include="shaders\simplex3d_layered.comp">
      <Filter>samples\voxel_volume</Filter>
    </None>
    <None Include="shaders\voxel_volume_init.comp">
      <Filter>samples\voxel_volume</Filter>
    </None>
  </ItemGroup>
</Project>